
Microsoft Visual Studio Solution File, Format Version 12.00
# Visual Studio 15
Project("{FAE04EC0-301F-11D3-BF4B-00C04F79EFBC}") = "01_Task", "01_Task\01_Task.csproj", "{AECA2C6B-3739-4A0D-B6F9-1172EE47CE39}"
EndProject
Project("{FAE04EC0-301F-11D3-BF4B-00C04F79EFBC}") = "02_Task", "02_Task\02_Task.csproj", "{0554933F-7390-4A02-B40A-162DFCF6ADF5}"
EndProject
Project("{FAE04EC0-301F-11D3-BF4B-00C04F79EFBC}") = "03_Task", "03_Task\03_Task.csproj", "{519617D8-D3F1-4220-816C-6AF26A885F70}"
EndProject
Project("{FAE04EC0-301F-11D3-BF4B-00C04F79EFBC}") = "04_Task", "04_Task\04_Task.csproj", "{7F093DD1-066B-44DD-B33F-ADCFFDFA339A}"
EndProject
Project("{FAE04EC0-301F-11D3-BF4B-00C04F79EFBC}") = "05_Task", "05_Task\05_Task.csproj", "{2551B65E-6F25-423A-9DBC-D6DD945CB142}"
EndProject
Project("{FAE04EC0-301F-11D3-BF4B-00C04F79EFBC}") = "06_Task", "06_Task\06_Task.csproj", "{474E6232-B2B9-4376-93DB-256F13051ED9}"
EndProject
Project("{FAE04EC0-301F-11D3-BF4B-00C04F79EFBC}") = "07_Task", "07_Task\07_Task.csproj", "{403B637C-2445-44B1-89E0-828AF3F48A8D}"
EndProject
Project("{FAE04EC0-301F-11D3-BF4B-00C04F79EFBC}") = "08_Task", "08_Task\08_Task.csproj", "{ECD133B8-45FA-4111-AF38-1C2FBA9FEC61}"
EndProject
Project("{FAE04EC0-301F-11D3-BF4B-00C04F79EFBC}") = "09_Task", "09_Task\09_Task.csproj", "{40AFE810-F516-424B-93E5-6D3E16A9EE60}"
EndProject
Project("{FAE04EC0-301F-11D3-BF4B-00C04F79EFBC}") = "10_Task", "10_Task\10_Task.csproj", "{9E0C30BC-8A41-4A5B-8309-68EE920C955B}"
EndProject
Project("{FAE04EC0-301F-11D3-BF4B-00C04F79EFBC}") = "11_Task", "11_Task\11_Task.csproj", "{5EEFA0C8-2654-4C71-B8E7-7A33BBABC6B1}"
EndProject
Project("{FAE04EC0-301F-11D3-BF4B-00C04F79EFBC}") = "12_Task", "12_Task\12_Task.csproj", "{C7E26397-3615-4ECA-BAEE-7CE0683D0FAC}"
EndProject
Project("{FAE04EC0-301F-11D3-BF4B-00C04F79EFBC}") = "13_Task", "13_Task\13_Task.csproj", "{B9BD2AEB-624E-4FBE-9712-FA47FC865DD1}"
EndProject
Global
	GlobalSection(SolutionConfigurationPlatforms) = preSolution
		Debug|Any CPU = Debug|Any CPU
		Release|Any CPU = Release|Any CPU
	EndGlobalSection
	GlobalSection(ProjectConfigurationPlatforms) = postSolution
		{AECA2C6B-3739-4A0D-B6F9-1172EE47CE39}.Debug|Any CPU.ActiveCfg = Debug|Any CPU
		{AECA2C6B-3739-4A0D-B6F9-1172EE47CE39}.Debug|Any CPU.Build.0 = Debug|Any CPU
		{AECA2C6B-3739-4A0D-B6F9-1172EE47CE39}.Release|Any CPU.ActiveCfg = Release|Any CPU
		{AECA2C6B-3739-4A0D-B6F9-1172EE47CE39}.Release|Any CPU.Build.0 = Release|Any CPU
		{0554933F-7390-4A02-B40A-162DFCF6ADF5}.Debug|Any CPU.ActiveCfg = Debug|Any CPU
		{0554933F-7390-4A02-B40A-162DFCF6ADF5}.Debug|Any CPU.Build.0 = Debug|Any CPU
		{0554933F-7390-4A02-B40A-162DFCF6ADF5}.Release|Any CPU.ActiveCfg = Release|Any CPU
		{0554933F-7390-4A02-B40A-162DFCF6ADF5}.Release|Any CPU.Build.0 = Release|Any CPU
		{519617D8-D3F1-4220-816C-6AF26A885F70}.Debug|Any CPU.ActiveCfg = Debug|Any CPU
		{519617D8-D3F1-4220-816C-6AF26A885F70}.Debug|Any CPU.Build.0 = Debug|Any CPU
		{519617D8-D3F1-4220-816C-6AF26A885F70}.Release|Any CPU.ActiveCfg = Release|Any CPU
		{519617D8-D3F1-4220-816C-6AF26A885F70}.Release|Any CPU.Build.0 = Release|Any CPU
		{7F093DD1-066B-44DD-B33F-ADCFFDFA339A}.Debug|Any CPU.ActiveCfg = Debug|Any CPU
		{7F093DD1-066B-44DD-B33F-ADCFFDFA339A}.Debug|Any CPU.Build.0 = Debug|Any CPU
		{7F093DD1-066B-44DD-B33F-ADCFFDFA339A}.Release|Any CPU.ActiveCfg = Release|Any CPU
		{7F093DD1-066B-44DD-B33F-ADCFFDFA339A}.Release|Any CPU.Build.0 = Release|Any CPU
		{2551B65E-6F25-423A-9DBC-D6DD945CB142}.Debug|Any CPU.ActiveCfg = Debug|Any CPU
		{2551B65E-6F25-423A-9DBC-D6DD945CB142}.Debug|Any CPU.Build.0 = Debug|Any CPU
		{2551B65E-6F25-423A-9DBC-D6DD945CB142}.Release|Any CPU.ActiveCfg = Release|Any CPU
		{2551B65E-6F25-423A-9DBC-D6DD945CB142}.Release|Any CPU.Build.0 = Release|Any CPU
		{474E6232-B2B9-4376-93DB-256F13051ED9}.Debug|Any CPU.ActiveCfg = Debug|Any CPU
		{474E6232-B2B9-4376-93DB-256F13051ED9}.Debug|Any CPU.Build.0 = Debug|Any CPU
		{474E6232-B2B9-4376-93DB-256F13051ED9}.Release|Any CPU.ActiveCfg = Release|Any CPU
		{474E6232-B2B9-4376-93DB-256F13051ED9}.Release|Any CPU.Build.0 = Release|Any CPU
		{403B637C-2445-44B1-89E0-828AF3F48A8D}.Debug|Any CPU.ActiveCfg = Debug|Any CPU
		{403B637C-2445-44B1-89E0-828AF3F48A8D}.Debug|Any CPU.Build.0 = Debug|Any CPU
		{403B637C-2445-44B1-89E0-828AF3F48A8D}.Release|Any CPU.ActiveCfg = Release|Any CPU
		{403B637C-2445-44B1-89E0-828AF3F48A8D}.Release|Any CPU.Build.0 = Release|Any CPU
		{ECD133B8-45FA-4111-AF38-1C2FBA9FEC61}.Debug|Any CPU.ActiveCfg = Debug|Any CPU
		{ECD133B8-45FA-4111-AF38-1C2FBA9FEC61}.Debug|Any CPU.Build.0 = Debug|Any CPU
		{ECD133B8-45FA-4111-AF38-1C2FBA9FEC61}.Release|Any CPU.ActiveCfg = Release|Any CPU
		{ECD133B8-45FA-4111-AF38-1C2FBA9FEC61}.Release|Any CPU.Build.0 = Release|Any CPU
		{40AFE810-F516-424B-93E5-6D3E16A9EE60}.Debug|Any CPU.ActiveCfg = Debug|Any CPU
		{40AFE810-F516-424B-93E5-6D3E16A9EE60}.Debug|Any CPU.Build.0 = Debug|Any CPU
		{40AFE810-F516-424B-93E5-6D3E16A9EE60}.Release|Any CPU.ActiveCfg = Release|Any CPU
		{40AFE810-F516-424B-93E5-6D3E16A9EE60}.Release|Any CPU.Build.0 = Release|Any CPU
		{9E0C30BC-8A41-4A5B-8309-68EE920C955B}.Debug|Any CPU.ActiveCfg = Debug|Any CPU
		{9E0C30BC-8A41-4A5B-8309-68EE920C955B}.Debug|Any CPU.Build.0 = Debug|Any CPU
		{9E0C30BC-8A41-4A5B-8309-68EE920C955B}.Release|Any CPU.ActiveCfg = Release|Any CPU
		{9E0C30BC-8A41-4A5B-8309-68EE920C955B}.Release|Any CPU.Build.0 = Release|Any CPU
		{5EEFA0C8-2654-4C71-B8E7-7A33BBABC6B1}.Debug|Any CPU.ActiveCfg = Debug|Any CPU
		{5EEFA0C8-2654-4C71-B8E7-7A33BBABC6B1}.Debug|Any CPU.Build.0 = Debug|Any CPU
		{5EEFA0C8-2654-4C71-B8E7-7A33BBABC6B1}.Release|Any CPU.ActiveCfg = Release|Any CPU
		{5EEFA0C8-2654-4C71-B8E7-7A33BBABC6B1}.Release|Any CPU.Build.0 = Release|Any CPU
		{C7E26397-3615-4ECA-BAEE-7CE0683D0FAC}.Debug|Any CPU.ActiveCfg = Debug|Any CPU
		{C7E26397-3615-4ECA-BAEE-7CE0683D0FAC}.Debug|Any CPU.Build.0 = Debug|Any CPU
		{C7E26397-3615-4ECA-BAEE-7CE0683D0FAC}.Release|Any CPU.ActiveCfg = Release|Any CPU
		{C7E26397-3615-4ECA-BAEE-7CE0683D0FAC}.Release|Any CPU.Build.0 = Release|Any CPU
		{B9BD2AEB-624E-4FBE-9712-FA47FC865DD1}.Debug|Any CPU.ActiveCfg = Debug|Any CPU
		{B9BD2AEB-624E-4FBE-9712-FA47FC865DD1}.Debug|Any CPU.Build.0 = Debug|Any CPU
		{B9BD2AEB-624E-4FBE-9712-FA47FC865DD1}.Release|Any CPU.ActiveCfg = Release|Any CPU
		{B9BD2AEB-624E-4FBE-9712-FA47FC865DD1}.Release|Any CPU.Build.0 = Release|Any CPU
	EndGlobalSection
EndGlobal
